Microsoft Visual Studio Solution File, Format Version 12.00
# Visual Studio 15
VisualStudioVersion = 15.0.27004.2009
MinimumVisualStudioVersion = 10.0.40219.1
Project("{FAE04EC0-301F-11D3-BF4B-00C04F79EFBC}") = "NamuREPL", "NamuREPL\NamuREPL.csproj", "{181282C9-3627-42DD-B17C-E704895E1C4E}"
EndProject
Project("{FAE04EC0-301F-11D3-BF4B-00C04F79EFBC}") = "Namu", "Namu\Namu.csproj", "{A81F1B0E-3A34-480B-968D-268EEB8433FB}"
EndProject
Global
	GlobalSection(SolutionConfigurationPlatforms) = preSolution
		Debug|Any CPU = Debug|Any CPU
		Release|Any CPU = Release|Any CPU
	EndGlobalSection
	GlobalSection(ProjectConfigurationPlatforms) = postSolution
		{181282C9-3627-42DD-B17C-E704895E1C4E}.Debug|Any CPU.ActiveCfg = Debug|Any CPU
		{181282C9-3627-42DD-B17C-E704895E1C4E}.Debug|Any CPU.Build.0 = Debug|Any CPU
		{181282C9-3627-42DD-B17C-E704895E1C4E}.Release|Any CPU.ActiveCfg = Release|Any CPU
		{181282C9-3627-42DD-B17C-E704895E1C4E}.Release|Any CPU.Build.0 = Release|Any CPU
		{A81F1B0E-3A34-480B-968D-268EEB8433FB}.Debug|Any CPU.ActiveCfg = Debug|Any CPU
		{A81F1B0E-3A34-480B-968D-268EEB8433FB}.Debug|Any CPU.Build.0 = Debug|Any CPU
		{A81F1B0E-3A34-480B-968D-268EEB8433FB}.Release|Any CPU.ActiveCfg = Release|Any CPU
		{A81F1B0E-3A34-480B-968D-268EEB8433FB}.Release|Any CPU.Build.0 = Release|Any CPU
	EndGlobalSection
	GlobalSection(SolutionProperties) = preSolution
		HideSolutionNode = FALSE
	EndGlobalSection
	GlobalSection(ExtensibilityGlobals) = postSolution
		SolutionGuid = {3727F28F-9D35-4CF7-AFEE-B7EDE62ED5D0}
	EndGlobalSection
EndGlobal
